
Microsoft Visual Studio Solution File, Format Version 12.00
# Visual Studio Version 17
VisualStudioVersion = 17.9.34622.214
MinimumVisualStudioVersion = 10.0.40219.1
Project("{FAE04EC0-301F-11D3-BF4B-00C04F79EFBC}") = "DefenderEvidenceInspector", "DefenderEvidenceInspector\DefenderEvidenceInspector.csproj", "{534FDF9D-4861-43E3-B3AA-533342A39589}"
EndProject
Global
	GlobalSection(SolutionConfigurationPlatforms) = preSolution
		Debug|Any CPU = Debug|Any CPU
		Release|Any CPU = Release|Any CPU
	EndGlobalSection
	GlobalSection(ProjectConfigurationPlatforms) = postSolution
		{534FDF9D-4861-43E3-B3AA-533342A39589}.Debug|Any CPU.ActiveCfg = Debug|Any CPU
		{534FDF9D-4861-43E3-B3AA-533342A39589}.Debug|Any CPU.Build.0 = Debug|Any CPU
		{534FDF9D-4861-43E3-B3AA-533342A39589}.Release|Any CPU.ActiveCfg = Release|Any CPU
		{534FDF9D-4861-43E3-B3AA-533342A39589}.Release|Any CPU.Build.0 = Release|Any CPU
	EndGlobalSection
	GlobalSection(SolutionProperties) = preSolution
		HideSolutionNode = FALSE
	EndGlobalSection
	GlobalSection(ExtensibilityGlobals) = postSolution
		SolutionGuid = {D4F67646-0412-405E-9EE5-4B5D38E78A6B}
	EndGlobalSection
EndGlobal
